// !$*UTF8*$!
{
	archiveVersion = 1;
	classes = {
	};
	objectVersion = 47;
	objects = {

/* Begin PBXBuildFile section */
		865FDF351D0CA96200F12AC2 /* Quote.swift in Sources */ = {isa = PBXBuildFile; fileRef = 865FDF341D0CA96200F12AC2 /* Quote.swift */; };
		865FDF361D0CA96200F12AC2 /* Quote.swift in Sources */ = {isa = PBXBuildFile; fileRef = 865FDF341D0CA96200F12AC2 /* Quote.swift */; };
		865FDF371D0CA96200F12AC2 /* Quote.swift in Sources */ = {isa = PBXBuildFile; fileRef = 865FDF341D0CA96200F12AC2 /* Quote.swift */; };
		867D62691D1F941800D60CE2 /* Favorites+CoreDataProperties.swift in Sources */ = {isa = PBXBuildFile; fileRef = 867D62671D1F941800D60CE2 /* Favorites+CoreDataProperties.swift */; };
		867D626A1D1F941800D60CE2 /* Favorites.swift in Sources */ = {isa = PBXBuildFile; fileRef = 867D62681D1F941800D60CE2 /* Favorites.swift */; };
		869A8EE21D20815900167116 /* FavoritesCell.swift in Sources */ = {isa = PBXBuildFile; fileRef = 869A8EE11D20815900167116 /* FavoritesCell.swift */; };
		86A53AF01CE96EEF00C5A4EC /* AppDelegate.swift in Sources */ = {isa = PBXBuildFile; fileRef = 86A53AEF1CE96EEF00C5A4EC /* AppDelegate.swift */; };
		86A53AF21CE96EEF00C5A4EC /* FavoritesViewController.swift in Sources */ = {isa = PBXBuildFile; fileRef = 86A53AF11CE96EEF00C5A4EC /* FavoritesViewController.swift */; };
		86A53AF51CE96EEF00C5A4EC /* Main.storyboard in Resources */ = {isa = PBXBuildFile; fileRef = 86A53AF31CE96EEF00C5A4EC /* Main.storyboard */; };
		86A53AF71CE96EEF00C5A4EC /* Assets.xcassets in Resources */ = {isa = PBXBuildFile; fileRef = 86A53AF61CE96EEF00C5A4EC /* Assets.xcassets */; };
		86A53AFA1CE96EEF00C5A4EC /* LaunchScreen.storyboard in Resources */ = {isa = PBXBuildFile; fileRef = 86A53AF81CE96EEF00C5A4EC /* LaunchScreen.storyboard */; };
		86A53B051CE96EEF00C5A4EC /* QuotedTests.swift in Sources */ = {isa = PBXBuildFile; fileRef = 86A53B041CE96EEF00C5A4EC /* QuotedTests.swift */; };
		86A53B101CE96EEF00C5A4EC /* QuotedUITests.swift in Sources */ = {isa = PBXBuildFile; fileRef = 86A53B0F1CE96EEF00C5A4EC /* QuotedUITests.swift */; };
		86F9DC6C1D1DF5680017A493 /* AppDelegate.swift in Sources */ = {isa = PBXBuildFile; fileRef = 86A53AEF1CE96EEF00C5A4EC /* AppDelegate.swift */; };
		86F9DC6D1D1DF5690017A493 /* AppDelegate.swift in Sources */ = {isa = PBXBuildFile; fileRef = 86A53AEF1CE96EEF00C5A4EC /* AppDelegate.swift */; };
		86F9DCAD1D1F4B140017A493 /* Quoted.xcdatamodeld in Sources */ = {isa = PBXBuildFile; fileRef = 86F9DCAB1D1F4B140017A493 /* Quoted.xcdatamodeld */; };
/* End PBXBuildFile section */

/* Begin PBXContainerItemProxy section */
		86A53B011CE96EEF00C5A4EC /* PBXContainerItemProxy */ = {
			isa = PBXContainerItemProxy;
			containerPortal = 86A53AE41CE96EEF00C5A4EC /* Project object */;
			proxyType = 1;
			remoteGlobalIDString = 86A53AEB1CE96EEF00C5A4EC;
			remoteInfo = Quoted;
		};
		86A53B0C1CE96EEF00C5A4EC /* PBXContainerItemProxy */ = {
			isa = PBXContainerItemProxy;
			containerPortal = 86A53AE41CE96EEF00C5A4EC /* Project object */;
			proxyType = 1;
			remoteGlobalIDString = 86A53AEB1CE96EEF00C5A4EC;
			remoteInfo = Quoted;
		};
/* End PBXContainerItemProxy section */

/* Begin PBXFileReference section */
		865FDF341D0CA96200F12AC2 /* Quote.swift */ = {isa = PBXFileReference; fileEncoding = 4; lastKnownFileType = sourcecode.swift; path = Quote.swift; sourceTree = "<group>"; };
		867D62671D1F941800D60CE2 /* Favorites+CoreDataProperties.swift */ = {isa = PBXFileReference; fileEncoding = 4; lastKnownFileType = sourcecode.swift; path = "Favorites+CoreDataProperties.swift"; sourceTree = "<group>"; };
		867D62681D1F941800D60CE2 /* Favorites.swift */ = {isa = PBXFileReference; fileEncoding = 4; lastKnownFileType = sourcecode.swift; path = Favorites.swift; sourceTree = "<group>"; };
		869A8EE11D20815900167116 /* FavoritesCell.swift */ = {isa = PBXFileReference; fileEncoding = 4; lastKnownFileType = sourcecode.swift; path = FavoritesCell.swift; sourceTree = "<group>"; };
		86A53AEC1CE96EEF00C5A4EC /* Quoted.app */ = {isa = PBXFileReference; explicitFileType = wrapper.application; includeInIndex = 0; path = Quoted.app; sourceTree = BUILT_PRODUCTS_DIR; };
		86A53AEF1CE96EEF00C5A4EC /* AppDelegate.swift */ = {isa = PBXFileReference; lastKnownFileType = sourcecode.swift; path = AppDelegate.swift; sourceTree = "<group>"; };
		86A53AF11CE96EEF00C5A4EC /* FavoritesViewController.swift */ = {isa = PBXFileReference; lastKnownFileType = sourcecode.swift; path = FavoritesViewController.swift; sourceTree = "<group>"; };
		86A53AF41CE96EEF00C5A4EC /* Base */ = {isa = PBXFileReference; lastKnownFileType = file.storyboard; name = Base; path = Base.lproj/Main.storyboard; sourceTree = "<group>"; };
		86A53AF61CE96EEF00C5A4EC /* Assets.xcassets */ = {isa = PBXFileReference; lastKnownFileType = folder.assetcatalog; path = Assets.xcassets; sourceTree = "<group>"; };
		86A53AF91CE96EEF00C5A4EC /* Base */ = {isa = PBXFileReference; lastKnownFileType = file.storyboard; name = Base; path = Base.lproj/LaunchScreen.storyboard; sourceTree = "<group>"; };
		86A53AFB1CE96EEF00C5A4EC /* Info.plist */ = {isa = PBXFileReference; lastKnownFileType = text.plist.xml; path = Info.plist; sourceTree = "<group>"; };
		86A53B001CE96EEF00C5A4EC /* QuotedTests.xctest */ = {isa = PBXFileReference; explicitFileType = wrapper.cfbundle; includeInIndex = 0; path = QuotedTests.xctest; sourceTree = BUILT_PRODUCTS_DIR; };
		86A53B041CE96EEF00C5A4EC /* QuotedTests.swift */ = {isa = PBXFileReference; lastKnownFileType = sourcecode.swift; path = QuotedTests.swift; sourceTree = "<group>"; };
		86A53B061CE96EEF00C5A4EC /* Info.plist */ = {isa = PBXFileReference; lastKnownFileType = text.plist.xml; path = Info.plist; sourceTree = "<group>"; };
		86A53B0B1CE96EEF00C5A4EC /* QuotedUITests.xctest */ = {isa = PBXFileReference; explicitFileType = wrapper.cfbundle; includeInIndex = 0; path = QuotedUITests.xctest; sourceTree = BUILT_PRODUCTS_DIR; };
		86A53B0F1CE96EEF00C5A4EC /* QuotedUITests.swift */ = {isa = PBXFileReference; lastKnownFileType = sourcecode.swift; path = QuotedUITests.swift; sourceTree = "<group>"; };
		86A53B111CE96EEF00C5A4EC /* Info.plist */ = {isa = PBXFileReference; lastKnownFileType = text.plist.xml; path = Info.plist; sourceTree = "<group>"; };
		86F9DCAC1D1F4B140017A493 /* Quoted.xcdatamodel */ = {isa = PBXFileReference; lastKnownFileType = wrapper.xcdatamodel; path = Quoted.xcdatamodel; sourceTree = "<group>"; };
/* End PBXFileReference section */

/* Begin PBXFrameworksBuildPhase section */
		86A53AE91CE96EEF00C5A4EC /* Frameworks */ = {
			isa = PBXFrameworksBuildPhase;
			buildActionMask = 2147483647;
			files = (
			);
			runOnlyForDeploymentPostprocessing = 0;
		};
		86A53AFD1CE96EEF00C5A4EC /* Frameworks */ = {
			isa = PBXFrameworksBuildPhase;
			buildActionMask = 2147483647;
			files = (
			);
			runOnlyForDeploymentPostprocessing = 0;
		};
		86A53B081CE96EEF00C5A4EC /* Frameworks */ = {
			isa = PBXFrameworksBuildPhase;
			buildActionMask = 2147483647;
			files = (
			);
			runOnlyForDeploymentPostprocessing = 0;
		};
/* End PBXFrameworksBuildPhase section */

/* Begin PBXGroup section */
		86A53AE31CE96EEF00C5A4EC = {
			isa = PBXGroup;
			children = (
				867D62671D1F941800D60CE2 /* Favorites+CoreDataProperties.swift */,
				867D62681D1F941800D60CE2 /* Favorites.swift */,
				86A53AEE1CE96EEF00C5A4EC /* Quoted */,
				86A53B031CE96EEF00C5A4EC /* QuotedTests */,
				86A53B0E1CE96EEF00C5A4EC /* QuotedUITests */,
				86A53AED1CE96EEF00C5A4EC /* Products */,
			);
			sourceTree = "<group>";
		};
		86A53AED1CE96EEF00C5A4EC /* Products */ = {
			isa = PBXGroup;
			children = (
				86A53AEC1CE96EEF00C5A4EC /* Quoted.app */,
				86A53B001CE96EEF00C5A4EC /* QuotedTests.xctest */,
				86A53B0B1CE96EEF00C5A4EC /* QuotedUITests.xctest */,
			);
			name = Products;
			sourceTree = "<group>";
		};
		86A53AEE1CE96EEF00C5A4EC /* Quoted */ = {
			isa = PBXGroup;
			children = (
				86A53AEF1CE96EEF00C5A4EC /* AppDelegate.swift */,
				86A53AF11CE96EEF00C5A4EC /* FavoritesViewController.swift */,
				865FDF341D0CA96200F12AC2 /* Quote.swift */,
				869A8EE11D20815900167116 /* FavoritesCell.swift */,
				86F9DCAB1D1F4B140017A493 /* Quoted.xcdatamodeld */,
				86A53AF31CE96EEF00C5A4EC /* Main.storyboard */,
				86A53AF61CE96EEF00C5A4EC /* Assets.xcassets */,
				86A53AF81CE96EEF00C5A4EC /* LaunchScreen.storyboard */,
				86A53AFB1CE96EEF00C5A4EC /* Info.plist */,
			);
			path = Quoted;
			sourceTree = "<group>";
		};
		86A53B031CE96EEF00C5A4EC /* QuotedTests */ = {
			isa = PBXGroup;
			children = (
				86A53B041CE96EEF00C5A4EC /* QuotedTests.swift */,
				86A53B061CE96EEF00C5A4EC /* Info.plist */,
			);
			path = QuotedTests;
			sourceTree = "<group>";
		};
		86A53B0E1CE96EEF00C5A4EC /* QuotedUITests */ = {
			isa = PBXGroup;
			children = (
				86A53B0F1CE96EEF00C5A4EC /* QuotedUITests.swift */,
				86A53B111CE96EEF00C5A4EC /* Info.plist */,
			);
			path = QuotedUITests;
			sourceTree = "<group>";
		};
/* End PBXGroup section */

/* Begin PBXNativeTarget section */
		86A53AEB1CE96EEF00C5A4EC /* Quoted */ = {
			isa = PBXNativeTarget;
			buildConfigurationList = 86A53B141CE96EEF00C5A4EC /* Build configuration list for PBXNativeTarget "Quoted" */;
			buildPhases = (
				86A53AE81CE96EEF00C5A4EC /* Sources */,
				86A53AE91CE96EEF00C5A4EC /* Frameworks */,
				86A53AEA1CE96EEF00C5A4EC /* Resources */,
			);
			buildRules = (
			);
			dependencies = (
			);
			name = Quoted;
			productName = Quoted;
			productReference = 86A53AEC1CE96EEF00C5A4EC /* Quoted.app */;
			productType = "com.apple.product-type.application";
		};
		86A53AFF1CE96EEF00C5A4EC /* QuotedTests */ = {
			isa = PBXNativeTarget;
			buildConfigurationList = 86A53B171CE96EEF00C5A4EC /* Build configuration list for PBXNativeTarget "QuotedTests" */;
			buildPhases = (
				86A53AFC1CE96EEF00C5A4EC /* Sources */,
				86A53AFD1CE96EEF00C5A4EC /* Frameworks */,
				86A53AFE1CE96EEF00C5A4EC /* Resources */,
			);
			buildRules = (
			);
			dependencies = (
				86A53B021CE96EEF00C5A4EC /* PBXTargetDependency */,
			);
			name = QuotedTests;
			productName = QuotedTests;
			productReference = 86A53B001CE96EEF00C5A4EC /* QuotedTests.xctest */;
			productType = "com.apple.product-type.bundle.unit-test";
		};
		86A53B0A1CE96EEF00C5A4EC /* QuotedUITests */ = {
			isa = PBXNativeTarget;
			buildConfigurationList = 86A53B1A1CE96EEF00C5A4EC /* Build configuration list for PBXNativeTarget "QuotedUITests" */;
			buildPhases = (
				86A53B071CE96EEF00C5A4EC /* Sources */,
				86A53B081CE96EEF00C5A4EC /* Frameworks */,
				86A53B091CE96EEF00C5A4EC /* Resources */,
			);
			buildRules = (
			);
			dependencies = (
				86A53B0D1CE96EEF00C5A4EC /* PBXTargetDependency */,
			);
			name = QuotedUITests;
			productName = QuotedUITests;
			productReference = 86A53B0B1CE96EEF00C5A4EC /* QuotedUITests.xctest */;
			productType = "com.apple.product-type.bundle.ui-testing";
		};
/* End PBXNativeTarget section */

/* Begin PBXProject section */
		86A53AE41CE96EEF00C5A4EC /* Project object */ = {
			isa = PBXProject;
			attributes = {
				LastSwiftUpdateCheck = 0730;
				LastUpgradeCheck = 0730;
				ORGANIZATIONNAME = jennyd.info;
				TargetAttributes = {
					86A53AEB1CE96EEF00C5A4EC = {
						CreatedOnToolsVersion = 7.3.1;
						DevelopmentTeam = 44TKP7EN37;
					};
					86A53AFF1CE96EEF00C5A4EC = {
						CreatedOnToolsVersion = 7.3.1;
						TestTargetID = 86A53AEB1CE96EEF00C5A4EC;
					};
					86A53B0A1CE96EEF00C5A4EC = {
						CreatedOnToolsVersion = 7.3.1;
						TestTargetID = 86A53AEB1CE96EEF00C5A4EC;
					};
				};
			};
			buildConfigurationList = 86A53AE71CE96EEF00C5A4EC /* Build configuration list for PBXProject "Quoted" */;
			compatibilityVersion = "Xcode 6.3";
			developmentRegion = English;
			hasScannedForEncodings = 0;
			knownRegions = (
				en,
				Base,
			);
			mainGroup = 86A53AE31CE96EEF00C5A4EC;
			productRefGroup = 86A53AED1CE96EEF00C5A4EC /* Products */;
			projectDirPath = "";
			projectRoot = "";
			targets = (
				86A53AEB1CE96EEF00C5A4EC /* Quoted */,
				86A53AFF1CE96EEF00C5A4EC /* QuotedTests */,
				86A53B0A1CE96EEF00C5A4EC /* QuotedUITests */,
			);
		};
/* End PBXProject section */

/* Begin PBXResourcesBuildPhase section */
		86A53AEA1CE96EEF00C5A4EC /* Resources */ = {
			isa = PBXResourcesBuildPhase;
			buildActionMask = 2147483647;
			files = (
				86A53AFA1CE96EEF00C5A4EC /* LaunchScreen.storyboard in Resources */,
				86A53AF71CE96EEF00C5A4EC /* Assets.xcassets in Resources */,
				86A53AF51CE96EEF00C5A4EC /* Main.storyboard in Resources */,
			);
			runOnlyForDeploymentPostprocessing = 0;
		};
		86A53AFE1CE96EEF00C5A4EC /* Resources */ = {
			isa = PBXResourcesBuildPhase;
			buildActionMask = 2147483647;
			files = (
			);
			runOnlyForDeploymentPostprocessing = 0;
		};
		86A53B091CE96EEF00C5A4EC /* Resources */ = {
			isa = PBXResourcesBuildPhase;
			buildActionMask = 2147483647;
			files = (
			);
			runOnlyForDeploymentPostprocessing = 0;
		};
/* End PBXResourcesBuildPhase section */

/* Begin PBXSourcesBuildPhase section */
		86A53AE81CE96EEF00C5A4EC /* Sources */ = {
			isa = PBXSourcesBuildPhase;
			buildActionMask = 2147483647;
			files = (
				86A53AF21CE96EEF00C5A4EC /* FavoritesViewController.swift in Sources */,
				869A8EE21D20815900167116 /* FavoritesCell.swift in Sources */,
				867D62691D1F941800D60CE2 /* Favorites+CoreDataProperties.swift in Sources */,
				865FDF351D0CA96200F12AC2 /* Quote.swift in Sources */,
				867D626A1D1F941800D60CE2 /* Favorites.swift in Sources */,
				86A53AF01CE96EEF00C5A4EC /* AppDelegate.swift in Sources */,
				86F9DCAD1D1F4B140017A493 /* Quoted.xcdatamodeld in Sources */,
			);
			runOnlyForDeploymentPostprocessing = 0;
		};
		86A53AFC1CE96EEF00C5A4EC /* Sources */ = {
			isa = PBXSourcesBuildPhase;
			buildActionMask = 2147483647;
			files = (
				86F9DC6C1D1DF5680017A493 /* AppDelegate.swift in Sources */,
				865FDF361D0CA96200F12AC2 /* Quote.swift in Sources */,
				86A53B051CE96EEF00C5A4EC /* QuotedTests.swift in Sources */,
			);
			runOnlyForDeploymentPostprocessing = 0;
		};
		86A53B071CE96EEF00C5A4EC /* Sources */ = {
			isa = PBXSourcesBuildPhase;
			buildActionMask = 2147483647;
			files = (
				86F9DC6D1D1DF5690017A493 /* AppDelegate.swift in Sources */,
				865FDF371D0CA96200F12AC2 /* Quote.swift in Sources */,
				86A53B101CE96EEF00C5A4EC /* QuotedUITests.swift in Sources */,
			);
			runOnlyForDeploymentPostprocessing = 0;
		};
/* End PBXSourcesBuildPhase section */

/* Begin PBXTargetDependency section */
		86A53B021CE96EEF00C5A4EC /* PBXTargetDependency */ = {
			isa = PBXTargetDependency;
			target = 86A53AEB1CE96EEF00C5A4EC /* Quoted */;
			targetProxy = 86A53B011CE96EEF00C5A4EC /* PBXContainerItemProxy */;
		};
		86A53B0D1CE96EEF00C5A4EC /* PBXTargetDependency */ = {
			isa = PBXTargetDependency;
			target = 86A53AEB1CE96EEF00C5A4EC /* Quoted */;
			targetProxy = 86A53B0C1CE96EEF00C5A4EC /* PBXContainerItemProxy */;
		};
/* End PBXTargetDependency section */

/* Begin PBXVariantGroup section */
		86A53AF31CE96EEF00C5A4EC /* Main.storyboard */ = {
			isa = PBXVariantGroup;
			children = (
				86A53AF41CE96EEF00C5A4EC /* Base */,
			);
			name = Main.storyboard;
			sourceTree = "<group>";
		};
		86A53AF81CE96EEF00C5A4EC /* LaunchScreen.storyboard */ = {
			isa = PBXVariantGroup;
			children = (
				86A53AF91CE96EEF00C5A4EC /* Base */,
			);
			name = LaunchScreen.storyboard;
			sourceTree = "<group>";
		};
/* End PBXVariantGroup section */

/* Begin XCBuildConfiguration section */
		86A53B121CE96EEF00C5A4EC /* Debug */ = {
			isa = XCBuildConfiguration;
			buildSettings = {
				ALWAYS_SEARCH_USER_PATHS = NO;
				CLANG_ANALYZER_NONNULL = YES;
				CLANG_CXX_LANGUAGE_STANDARD = "gnu++0x";
				CLANG_CXX_LIBRARY = "libc++";
				CLANG_ENABLE_MODULES = YES;
				CLANG_ENABLE_OBJC_ARC = YES;
				CLANG_WARN_BOOL_CONVERSION = YES;
				CLANG_WARN_CONSTANT_CONVERSION = YES;
				CLANG_WARN_DIRECT_OBJC_ISA_USAGE = YES_ERROR;
				CLANG_WARN_EMPTY_BODY = YES;
				CLANG_WARN_ENUM_CONVERSION = YES;
				CLANG_WARN_INT_CONVERSION = YES;
				CLANG_WARN_OBJC_ROOT_CLASS = YES_ERROR;
				CLANG_WARN_UNREACHABLE_CODE = YES;
				CLANG_WARN__DUPLICATE_METHOD_MATCH = YES;
				"CODE_SIGN_IDENTITY[sdk=iphoneos*]" = "iPhone Developer";
				COPY_PHASE_STRIP = NO;
				DEBUG_INFORMATION_FORMAT = dwarf;
				ENABLE_STRICT_OBJC_MSGSEND = YES;
				ENABLE_TESTABILITY = YES;
				GCC_C_LANGUAGE_STANDARD = gnu99;
				GCC_DYNAMIC_NO_PIC = NO;
				GCC_NO_COMMON_BLOCKS = YES;
				GCC_OPTIMIZATION_LEVEL = 0;
				GCC_PREPROCESSOR_DEFINITIONS = (
					"DEBUG=1",
					"$(inherited)",
				);
				GCC_WARN_64_TO_32_BIT_CONVERSION = YES;
				GCC_WARN_ABOUT_RETURN_TYPE = YES_ERROR;
				GCC_WARN_UNDECLARED_SELECTOR = YES;
				GCC_WARN_UNINITIALIZED_AUTOS = YES_AGGRESSIVE;
				GCC_WARN_UNUSED_FUNCTION = YES;
				GCC_WARN_UNUSED_VARIABLE = YES;
				IPHONEOS_DEPLOYMENT_TARGET = 9.3;
				MTL_ENABLE_DEBUG_INFO = YES;
				ONLY_ACTIVE_ARCH = YES;
				SDKROOT = iphoneos;
				SWIFT_OPTIMIZATION_LEVEL = "-Onone";
			};
			name = Debug;
		};
		86A53B131CE96EEF00C5A4EC /* Release */ = {
			isa = XCBuildConfiguration;
			buildSettings = {
				ALWAYS_SEARCH_USER_PATHS = NO;
				CLANG_ANALYZER_NONNULL = YES;
				CLANG_CXX_LANGUAGE_STANDARD = "gnu++0x";
				CLANG_CXX_LIBRARY = "libc++";
				CLANG_ENABLE_MODULES = YES;
				CLANG_ENABLE_OBJC_ARC = YES;
				CLANG_WARN_BOOL_CONVERSION = YES;
				CLANG_WARN_CONSTANT_CONVERSION = YES;
				CLANG_WARN_DIRECT_OBJC_ISA_USAGE = YES_ERROR;
				CLANG_WARN_EMPTY_BODY = YES;
				CLANG_WARN_ENUM_CONVERSION = YES;
				CLANG_WARN_INT_CONVERSION = YES;
				CLANG_WARN_OBJC_ROOT_CLASS = YES_ERROR;
				CLANG_WARN_UNREACHABLE_CODE = YES;
				CLANG_WARN__DUPLICATE_METHOD_MATCH = YES;
				"CODE_SIGN_IDENTITY[sdk=iphoneos*]" = "iPhone Developer";
				COPY_PHASE_STRIP = NO;
				DEBUG_INFORMATION_FORMAT = "dwarf-with-dsym";
				ENABLE_NS_ASSERTIONS = NO;
				ENABLE_STRICT_OBJC_MSGSEND = YES;
				GCC_C_LANGUAGE_STANDARD = gnu99;
				GCC_NO_COMMON_BLOCKS = YES;
				GCC_WARN_64_TO_32_BIT_CONVERSION = YES;
				GCC_WARN_ABOUT_RETURN_TYPE = YES_ERROR;
				GCC_WARN_UNDECLARED_SELECTOR = YES;
				GCC_WARN_UNINITIALIZED_AUTOS = YES_AGGRESSIVE;
				GCC_WARN_UNUSED_FUNCTION = YES;
				GCC_WARN_UNUSED_VARIABLE = YES;
				IPHONEOS_DEPLOYMENT_TARGET = 9.3;
				MTL_ENABLE_DEBUG_INFO = NO;
				SDKROOT = iphoneos;
				VALIDATE_PRODUCT = YES;
			};
			name = Release;
		};
		86A53B151CE96EEF00C5A4EC /* Debug */ = {
			isa = XCBuildConfiguration;
			buildSettings = {
				ASSETCATALOG_COMPILER_APPICON_NAME = AppIcon;
				CLANG_ENABLE_MODULES = YES;
				CODE_SIGN_IDENTITY = "iPhone Distribution";
				"CODE_SIGN_IDENTITY[sdk=iphoneos*]" = "iPhone Developer";
				ENABLE_BITCODE = YES;
				INFOPLIST_FILE = Quoted/Info.plist;
				IPHONEOS_DEPLOYMENT_TARGET = 9.3;
				LD_RUNPATH_SEARCH_PATHS = "$(inherited) @executable_path/Frameworks";
				PRODUCT_BUNDLE_IDENTIFIER = jennyd.info.Quoted;
				PRODUCT_NAME = "$(TARGET_NAME)";
				PROVISIONING_PROFILE = "";
				SWIFT_OPTIMIZATION_LEVEL = "-Onone";
				TARGETED_DEVICE_FAMILY = 1;
			};
			name = Debug;
		};
		86A53B161CE96EEF00C5A4EC /* Release */ = {
			isa = XCBuildConfiguration;
			buildSettings = {
				ASSETCATALOG_COMPILER_APPICON_NAME = AppIcon;
				CLANG_ENABLE_MODULES = YES;
				CODE_SIGN_IDENTITY = "iPhone Distribution";
				"CODE_SIGN_IDENTITY[sdk=iphoneos*]" = "iPhone Developer";
				ENABLE_BITCODE = YES;
				INFOPLIST_FILE = Quoted/Info.plist;
				IPHONEOS_DEPLOYMENT_TARGET = 9.3;
				LD_RUNPATH_SEARCH_PATHS = "$(inherited) @executable_path/Frameworks";
				PRODUCT_BUNDLE_IDENTIFIER = jennyd.info.Quoted;
				PRODUCT_NAME = "$(TARGET_NAME)";
				PROVISIONING_PROFILE = "";
				TARGETED_DEVICE_FAMILY = 1;
			};
			name = Release;
		};
		86A53B181CE96EEF00C5A4EC /* Debug */ = {
			isa = XCBuildConfiguration;
			buildSettings = {
				BUNDLE_LOADER = "$(TEST_HOST)";
				INFOPLIST_FILE = QuotedTests/Info.plist;
				LD_RUNPATH_SEARCH_PATHS = "$(inherited) @executable_path/Frameworks @loader_path/Frameworks";
				PRODUCT_BUNDLE_IDENTIFIER = jennyd.info.QuotedTests;
				PRODUCT_NAME = "$(TARGET_NAME)";
				TEST_HOST = "$(BUILT_PRODUCTS_DIR)/Quoted.app/Quoted";
			};
			name = Debug;
		};
		86A53B191CE96EEF00C5A4EC /* Release */ = {
			isa = XCBuildConfiguration;
			buildSettings = {
				BUNDLE_LOADER = "$(TEST_HOST)";
				INFOPLIST_FILE = QuotedTests/Info.plist;
				LD_RUNPATH_SEARCH_PATHS = "$(inherited) @executable_path/Frameworks @loader_path/Frameworks";
				PRODUCT_BUNDLE_IDENTIFIER = jennyd.info.QuotedTests;
				PRODUCT_NAME = "$(TARGET_NAME)";
				TEST_HOST = "$(BUILT_PRODUCTS_DIR)/Quoted.app/Quoted";
			};
			name = Release;
		};
		86A53B1B1CE96EEF00C5A4EC /* Debug */ = {
			isa = XCBuildConfiguration;
			buildSettings = {
				INFOPLIST_FILE = QuotedUITests/Info.plist;
				LD_RUNPATH_SEARCH_PATHS = "$(inherited) @executable_path/Frameworks @loader_path/Frameworks";
				PRODUCT_BUNDLE_IDENTIFIER = jennyd.info.QuotedUITests;
				PRODUCT_NAME = "$(TARGET_NAME)";
				TEST_TARGET_NAME = Quoted;
			};
			name = Debug;
		};
		86A53B1C1CE96EEF00C5A4EC /* Release */ = {
			isa = XCBuildConfiguration;
			buildSettings = {
				INFOPLIST_FILE = QuotedUITests/Info.plist;
				LD_RUNPATH_SEARCH_PATHS = "$(inherited) @executable_path/Frameworks @loader_path/Frameworks";
				PRODUCT_BUNDLE_IDENTIFIER = jennyd.info.QuotedUITests;
				PRODUCT_NAME = "$(TARGET_NAME)";
				TEST_TARGET_NAME = Quoted;
			};
			name = Release;
		};
/* End XCBuildConfiguration section */

/* Begin XCConfigurationList section */
		86A53AE71CE96EEF00C5A4EC /* Build configuration list for PBXProject "Quoted" */ = {
			isa = XCConfigurationList;
			buildConfigurations = (
				86A53B121CE96EEF00C5A4EC /* Debug */,
				86A53B131CE96EEF00C5A4EC /* Release */,
			);
			defaultConfigurationIsVisible = 0;
			defaultConfigurationName = Release;
		};
		86A53B141CE96EEF00C5A4EC /* Build configuration list for PBXNativeTarget "Quoted" */ = {
			isa = XCConfigurationList;
			buildConfigurations = (
				86A53B151CE96EEF00C5A4EC /* Debug */,
				86A53B161CE96EEF00C5A4EC /* Release */,
			);
			defaultConfigurationIsVisible = 0;
			defaultConfigurationName = Release;
		};
		86A53B171CE96EEF00C5A4EC /* Build configuration list for PBXNativeTarget "QuotedTests" */ = {
			isa = XCConfigurationList;
			buildConfigurations = (
				86A53B181CE96EEF00C5A4EC /* Debug */,
				86A53B191CE96EEF00C5A4EC /* Release */,
			);
			defaultConfigurationIsVisible = 0;
			defaultConfigurationName = Release;
		};
		86A53B1A1CE96EEF00C5A4EC /* Build configuration list for PBXNativeTarget "QuotedUITests" */ = {
			isa = XCConfigurationList;
			buildConfigurations = (
				86A53B1B1CE96EEF00C5A4EC /* Debug */,
				86A53B1C1CE96EEF00C5A4EC /* Release */,
			);
			defaultConfigurationIsVisible = 0;
			defaultConfigurationName = Release;
		};
/* End XCConfigurationList section */

/* Begin XCVersionGroup section */
		86F9DCAB1D1F4B140017A493 /* Quoted.xcdatamodeld */ = {
			isa = XCVersionGroup;
			children = (
				86F9DCAC1D1F4B140017A493 /* Quoted.xcdatamodel */,
			);
			currentVersion = 86F9DCAC1D1F4B140017A493 /* Quoted.xcdatamodel */;
			path = Quoted.xcdatamodeld;
			sourceTree = "<group>";
			versionGroupType = wrapper.xcdatamodel;
		};
/* End XCVersionGroup section */
	};
	rootObject = 86A53AE41CE96EEF00C5A4EC /* Project object */;
}
